
Microsoft Visual Studio Solution File, Format Version 12.00
# Visual Studio Version 16
VisualStudioVersion = 16.0.35731.53
MinimumVisualStudioVersion = 10.0.40219.1
Project("{FAE04EC0-301F-11D3-BF4B-00C04F79EFBC}") = "ApiProdutosPessoas", "ApiProdutosPessoas\ApiProdutosPessoas.csproj", "{DE3352A0-8944-4CE0-A4EC-63543C2C2F58}"
EndProject
Global
	GlobalSection(SolutionConfigurationPlatforms) = preSolution
		Debug|Any CPU = Debug|Any CPU
		Release|Any CPU = Release|Any CPU
	EndGlobalSection
	GlobalSection(ProjectConfigurationPlatforms) = postSolution
		{DE3352A0-8944-4CE0-A4EC-63543C2C2F58}.Debug|Any CPU.ActiveCfg = Debug|Any CPU
		{DE3352A0-8944-4CE0-A4EC-63543C2C2F58}.Debug|Any CPU.Build.0 = Debug|Any CPU
		{DE3352A0-8944-4CE0-A4EC-63543C2C2F58}.Release|Any CPU.ActiveCfg = Release|Any CPU
		{DE3352A0-8944-4CE0-A4EC-63543C2C2F58}.Release|Any CPU.Build.0 = Release|Any CPU
	EndGlobalSection
	GlobalSection(SolutionProperties) = preSolution
		HideSolutionNode = FALSE
	EndGlobalSection
	GlobalSection(ExtensibilityGlobals) = postSolution
		SolutionGuid = {0A923701-7C95-4827-BBD1-DC599B71D80F}
	EndGlobalSection
EndGlobal
